// !$*UTF8*$!
{
	archiveVersion = 1;
	classes = {
	};
	objectVersion = 56;
	objects = {

/* Begin PBXBuildFile section */
		6AD405A82BE758A60055B030 /* MenuItemViewExample.swift in Sources */ = {isa = PBXBuildFile; fileRef = 6AD405A72BE758A60055B030 /* MenuItemViewExample.swift */; };
		6AD405AA2BE766290055B030 /* BGColorExample.swift in Sources */ = {isa = PBXBuildFile; fileRef = 6AD405A92BE766290055B030 /* BGColorExample.swift */; };
		6AEC631A2BBAA8D400FCEE99 /* SwiftUIComponentsApp.swift in Sources */ = {isa = PBXBuildFile; fileRef = 6AEC63192BBAA8D400FCEE99 /* SwiftUIComponentsApp.swift */; };
		6AEC631C2BBAA8D400FCEE99 /* ContentView.swift in Sources */ = {isa = PBXBuildFile; fileRef = 6AEC631B2BBAA8D400FCEE99 /* ContentView.swift */; };
		6AEC631E2BBAA8D600FCEE99 /* Assets.xcassets in Resources */ = {isa = PBXBuildFile; fileRef = 6AEC631D2BBAA8D600FCEE99 /* Assets.xcassets */; };
		6AEC63212BBAA8D600FCEE99 /* Preview Assets.xcassets in Resources */ = {isa = PBXBuildFile; fileRef = 6AEC63202BBAA8D600FCEE99 /* Preview Assets.xcassets */; };
		6AEC632B2BBAA8D600FCEE99 /* SwiftUIComponentsTests.swift in Sources */ = {isa = PBXBuildFile; fileRef = 6AEC632A2BBAA8D600FCEE99 /* SwiftUIComponentsTests.swift */; };
		6AEC63352BBAA8D600FCEE99 /* SwiftUIComponentsUITests.swift in Sources */ = {isa = PBXBuildFile; fileRef = 6AEC63342BBAA8D600FCEE99 /* SwiftUIComponentsUITests.swift */; };
		6AEC63372BBAA8D600FCEE99 /* SwiftUIComponentsUITestsLaunchTests.swift in Sources */ = {isa = PBXBuildFile; fileRef = 6AEC63362BBAA8D600FCEE99 /* SwiftUIComponentsUITestsLaunchTests.swift */; };
		6AEC63452BBAA8FF00FCEE99 /* ToggleButton.swift in Sources */ = {isa = PBXBuildFile; fileRef = 6AEC63442BBAA8FF00FCEE99 /* ToggleButton.swift */; };
		6AEC63472BBAA9CA00FCEE99 /* ListExample.swift in Sources */ = {isa = PBXBuildFile; fileRef = 6AEC63462BBAA9CA00FCEE99 /* ListExample.swift */; };
		6AEC634A2BBAAFC900FCEE99 /* ListExample1.swift in Sources */ = {isa = PBXBuildFile; fileRef = 6AEC63492BBAAFC900FCEE99 /* ListExample1.swift */; };
		6AEC634D2BBAB37B00FCEE99 /* Algorithms in Frameworks */ = {isa = PBXBuildFile; productRef = 6AEC634C2BBAB37B00FCEE99 /* Algorithms */; };
		6AEC634F2BBAB77D00FCEE99 /* ListHomeScreen.swift in Sources */ = {isa = PBXBuildFile; fileRef = 6AEC634E2BBAB77D00FCEE99 /* ListHomeScreen.swift */; };
		6AEC63522BBAB94000FCEE99 /* ScrollViewExample1.swift in Sources */ = {isa = PBXBuildFile; fileRef = 6AEC63512BBAB94000FCEE99 /* ScrollViewExample1.swift */; };
		6AEC63552BBABEF300FCEE99 /* GridViewExample1.swift in Sources */ = {isa = PBXBuildFile; fileRef = 6AEC63542BBABEF300FCEE99 /* GridViewExample1.swift */; };
		6AEC63572BBAC38F00FCEE99 /* StaticGridExample.swift in Sources */ = {isa = PBXBuildFile; fileRef = 6AEC63562BBAC38F00FCEE99 /* StaticGridExample.swift */; };
/* End PBXBuildFile section */

/* Begin PBXContainerItemProxy section */
		6AEC63272BBAA8D600FCEE99 /* PBXContainerItemProxy */ = {
			isa = PBXContainerItemProxy;
			containerPortal = 6AEC630E2BBAA8D400FCEE99 /* Project object */;
			proxyType = 1;
			remoteGlobalIDString = 6AEC63152BBAA8D400FCEE99;
			remoteInfo = SwiftUIComponents;
		};
		6AEC63312BBAA8D600FCEE99 /* PBXContainerItemProxy */ = {
			isa = PBXContainerItemProxy;
			containerPortal = 6AEC630E2BBAA8D400FCEE99 /* Project object */;
			proxyType = 1;
			remoteGlobalIDString = 6AEC63152BBAA8D400FCEE99;
			remoteInfo = SwiftUIComponents;
		};
/* End PBXContainerItemProxy section */

/* Begin PBXFileReference section */
		6AD405A72BE758A60055B030 /* MenuItemViewExample.swift */ = {isa = PBXFileReference; lastKnownFileType = sourcecode.swift; path = MenuItemViewExample.swift; sourceTree = "<group>"; };
		6AD405A92BE766290055B030 /* BGColorExample.swift */ = {isa = PBXFileReference; lastKnownFileType = sourcecode.swift; path = BGColorExample.swift; sourceTree = "<group>"; };
		6AEC63162BBAA8D400FCEE99 /* SwiftUIComponents.app */ = {isa = PBXFileReference; explicitFileType = wrapper.application; includeInIndex = 0; path = SwiftUIComponents.app; sourceTree = BUILT_PRODUCTS_DIR; };
		6AEC63192BBAA8D400FCEE99 /* SwiftUIComponentsApp.swift */ = {isa = PBXFileReference; lastKnownFileType = sourcecode.swift; path = SwiftUIComponentsApp.swift; sourceTree = "<group>"; };
		6AEC631B2BBAA8D400FCEE99 /* ContentView.swift */ = {isa = PBXFileReference; lastKnownFileType = sourcecode.swift; path = ContentView.swift; sourceTree = "<group>"; };
		6AEC631D2BBAA8D600FCEE99 /* Assets.xcassets */ = {isa = PBXFileReference; lastKnownFileType = folder.assetcatalog; path = Assets.xcassets; sourceTree = "<group>"; };
		6AEC63202BBAA8D600FCEE99 /* Preview Assets.xcassets */ = {isa = PBXFileReference; lastKnownFileType = folder.assetcatalog; path = "Preview Assets.xcassets"; sourceTree = "<group>"; };
		6AEC63262BBAA8D600FCEE99 /* SwiftUIComponentsTests.xctest */ = {isa = PBXFileReference; explicitFileType = wrapper.cfbundle; includeInIndex = 0; path = SwiftUIComponentsTests.xctest; sourceTree = BUILT_PRODUCTS_DIR; };
		6AEC632A2BBAA8D600FCEE99 /* SwiftUIComponentsTests.swift */ = {isa = PBXFileReference; lastKnownFileType = sourcecode.swift; path = SwiftUIComponentsTests.swift; sourceTree = "<group>"; };
		6AEC63302BBAA8D600FCEE99 /* SwiftUIComponentsUITests.xctest */ = {isa = PBXFileReference; explicitFileType = wrapper.cfbundle; includeInIndex = 0; path = SwiftUIComponentsUITests.xctest; sourceTree = BUILT_PRODUCTS_DIR; };
		6AEC63342BBAA8D600FCEE99 /* SwiftUIComponentsUITests.swift */ = {isa = PBXFileReference; lastKnownFileType = sourcecode.swift; path = SwiftUIComponentsUITests.swift; sourceTree = "<group>"; };
		6AEC63362BBAA8D600FCEE99 /* SwiftUIComponentsUITestsLaunchTests.swift */ = {isa = PBXFileReference; lastKnownFileType = sourcecode.swift; path = SwiftUIComponentsUITestsLaunchTests.swift; sourceTree = "<group>"; };
		6AEC63442BBAA8FF00FCEE99 /* ToggleButton.swift */ = {isa = PBXFileReference; lastKnownFileType = sourcecode.swift; path = ToggleButton.swift; sourceTree = "<group>"; };
		6AEC63462BBAA9CA00FCEE99 /* ListExample.swift */ = {isa = PBXFileReference; lastKnownFileType = sourcecode.swift; path = ListExample.swift; sourceTree = "<group>"; };
		6AEC63492BBAAFC900FCEE99 /* ListExample1.swift */ = {isa = PBXFileReference; lastKnownFileType = sourcecode.swift; path = ListExample1.swift; sourceTree = "<group>"; };
		6AEC634E2BBAB77D00FCEE99 /* ListHomeScreen.swift */ = {isa = PBXFileReference; lastKnownFileType = sourcecode.swift; path = ListHomeScreen.swift; sourceTree = "<group>"; };
		6AEC63512BBAB94000FCEE99 /* ScrollViewExample1.swift */ = {isa = PBXFileReference; lastKnownFileType = sourcecode.swift; path = ScrollViewExample1.swift; sourceTree = "<group>"; };
		6AEC63542BBABEF300FCEE99 /* GridViewExample1.swift */ = {isa = PBXFileReference; lastKnownFileType = sourcecode.swift; path = GridViewExample1.swift; sourceTree = "<group>"; };
		6AEC63562BBAC38F00FCEE99 /* StaticGridExample.swift */ = {isa = PBXFileReference; lastKnownFileType = sourcecode.swift; path = StaticGridExample.swift; sourceTree = "<group>"; };
/* End PBXFileReference section */

/* Begin PBXFrameworksBuildPhase section */
		6AEC63132BBAA8D400FCEE99 /* Frameworks */ = {
			isa = PBXFrameworksBuildPhase;
			buildActionMask = 2147483647;
			files = (
				6AEC634D2BBAB37B00FCEE99 /* Algorithms in Frameworks */,
			);
			runOnlyForDeploymentPostprocessing = 0;
		};
		6AEC63232BBAA8D600FCEE99 /* Frameworks */ = {
			isa = PBXFrameworksBuildPhase;
			buildActionMask = 2147483647;
			files = (
			);
			runOnlyForDeploymentPostprocessing = 0;
		};
		6AEC632D2BBAA8D600FCEE99 /* Frameworks */ = {
			isa = PBXFrameworksBuildPhase;
			buildActionMask = 2147483647;
			files = (
			);
			runOnlyForDeploymentPostprocessing = 0;
		};
/* End PBXFrameworksBuildPhase section */

/* Begin PBXGroup section */
		6AD405A62BE758960055B030 /* MenuItems */ = {
			isa = PBXGroup;
			children = (
				6AD405A72BE758A60055B030 /* MenuItemViewExample.swift */,
			);
			path = MenuItems;
			sourceTree = "<group>";
		};
		6AD405AB2BE766310055B030 /* BGColors */ = {
			isa = PBXGroup;
			children = (
				6AD405A92BE766290055B030 /* BGColorExample.swift */,
			);
			path = BGColors;
			sourceTree = "<group>";
		};
		6AEC630D2BBAA8D400FCEE99 = {
			isa = PBXGroup;
			children = (
				6AEC63182BBAA8D400FCEE99 /* SwiftUIComponents */,
				6AEC63292BBAA8D600FCEE99 /* SwiftUIComponentsTests */,
				6AEC63332BBAA8D600FCEE99 /* SwiftUIComponentsUITests */,
				6AEC63172BBAA8D400FCEE99 /* Products */,
			);
			sourceTree = "<group>";
		};
		6AEC63172BBAA8D400FCEE99 /* Products */ = {
			isa = PBXGroup;
			children = (
				6AEC63162BBAA8D400FCEE99 /* SwiftUIComponents.app */,
				6AEC63262BBAA8D600FCEE99 /* SwiftUIComponentsTests.xctest */,
				6AEC63302BBAA8D600FCEE99 /* SwiftUIComponentsUITests.xctest */,
			);
			name = Products;
			sourceTree = "<group>";
		};
		6AEC63182BBAA8D400FCEE99 /* SwiftUIComponents */ = {
			isa = PBXGroup;
			children = (
				6AD405AB2BE766310055B030 /* BGColors */,
				6AD405A62BE758960055B030 /* MenuItems */,
				6AEC63532BBABEC300FCEE99 /* GridViews */,
				6AEC63502BBAB91800FCEE99 /* ScrollViews */,
				6AEC63482BBAAF3C00FCEE99 /* ListExamples */,
				6AEC63432BBAA8EE00FCEE99 /* ToggleButton */,
				6AEC63192BBAA8D400FCEE99 /* SwiftUIComponentsApp.swift */,
				6AEC631B2BBAA8D400FCEE99 /* ContentView.swift */,
				6AEC631D2BBAA8D600FCEE99 /* Assets.xcassets */,
				6AEC631F2BBAA8D600FCEE99 /* Preview Content */,
			);
			path = SwiftUIComponents;
			sourceTree = "<group>";
		};
		6AEC631F2BBAA8D600FCEE99 /* Preview Content */ = {
			isa = PBXGroup;
			children = (
				6AEC63202BBAA8D600FCEE99 /* Preview Assets.xcassets */,
			);
			path = "Preview Content";
			sourceTree = "<group>";
		};
		6AEC63292BBAA8D600FCEE99 /* SwiftUIComponentsTests */ = {
			isa = PBXGroup;
			children = (
				6AEC632A2BBAA8D600FCEE99 /* SwiftUIComponentsTests.swift */,
			);
			path = SwiftUIComponentsTests;
			sourceTree = "<group>";
		};
		6AEC63332BBAA8D600FCEE99 /* SwiftUIComponentsUITests */ = {
			isa = PBXGroup;
			children = (
				6AEC63342BBAA8D600FCEE99 /* SwiftUIComponentsUITests.swift */,
				6AEC63362BBAA8D600FCEE99 /* SwiftUIComponentsUITestsLaunchTests.swift */,
			);
			path = SwiftUIComponentsUITests;
			sourceTree = "<group>";
		};
		6AEC63432BBAA8EE00FCEE99 /* ToggleButton */ = {
			isa = PBXGroup;
			children = (
				6AEC63442BBAA8FF00FCEE99 /* ToggleButton.swift */,
			);
			path = ToggleButton;
			sourceTree = "<group>";
		};
		6AEC63482BBAAF3C00FCEE99 /* ListExamples */ = {
			isa = PBXGroup;
			children = (
				6AEC63462BBAA9CA00FCEE99 /* ListExample.swift */,
				6AEC63492BBAAFC900FCEE99 /* ListExample1.swift */,
				6AEC634E2BBAB77D00FCEE99 /* ListHomeScreen.swift */,
			);
			path = ListExamples;
			sourceTree = "<group>";
		};
		6AEC63502BBAB91800FCEE99 /* ScrollViews */ = {
			isa = PBXGroup;
			children = (
				6AEC63512BBAB94000FCEE99 /* ScrollViewExample1.swift */,
			);
			path = ScrollViews;
			sourceTree = "<group>";
		};
		6AEC63532BBABEC300FCEE99 /* GridViews */ = {
			isa = PBXGroup;
			children = (
				6AEC63542BBABEF300FCEE99 /* GridViewExample1.swift */,
				6AEC63562BBAC38F00FCEE99 /* StaticGridExample.swift */,
			);
			path = GridViews;
			sourceTree = "<group>";
		};
/* End PBXGroup section */

/* Begin PBXNativeTarget section */
		6AEC63152BBAA8D400FCEE99 /* SwiftUIComponents */ = {
			isa = PBXNativeTarget;
			buildConfigurationList = 6AEC633A2BBAA8D600FCEE99 /* Build configuration list for PBXNativeTarget "SwiftUIComponents" */;
			buildPhases = (
				6AEC63122BBAA8D400FCEE99 /* Sources */,
				6AEC63132BBAA8D400FCEE99 /* Frameworks */,
				6AEC63142BBAA8D400FCEE99 /* Resources */,
			);
			buildRules = (
			);
			dependencies = (
			);
			name = SwiftUIComponents;
			packageProductDependencies = (
				6AEC634C2BBAB37B00FCEE99 /* Algorithms */,
			);
			productName = SwiftUIComponents;
			productReference = 6AEC63162BBAA8D400FCEE99 /* SwiftUIComponents.app */;
			productType = "com.apple.product-type.application";
		};
		6AEC63252BBAA8D600FCEE99 /* SwiftUIComponentsTests */ = {
			isa = PBXNativeTarget;
			buildConfigurationList = 6AEC633D2BBAA8D600FCEE99 /* Build configuration list for PBXNativeTarget "SwiftUIComponentsTests" */;
			buildPhases = (
				6AEC63222BBAA8D600FCEE99 /* Sources */,
				6AEC63232BBAA8D600FCEE99 /* Frameworks */,
				6AEC63242BBAA8D600FCEE99 /* Resources */,
			);
			buildRules = (
			);
			dependencies = (
				6AEC63282BBAA8D600FCEE99 /* PBXTargetDependency */,
			);
			name = SwiftUIComponentsTests;
			productName = SwiftUIComponentsTests;
			productReference = 6AEC63262BBAA8D600FCEE99 /* SwiftUIComponentsTests.xctest */;
			productType = "com.apple.product-type.bundle.unit-test";
		};
		6AEC632F2BBAA8D600FCEE99 /* SwiftUIComponentsUITests */ = {
			isa = PBXNativeTarget;
			buildConfigurationList = 6AEC63402BBAA8D600FCEE99 /* Build configuration list for PBXNativeTarget "SwiftUIComponentsUITests" */;
			buildPhases = (
				6AEC632C2BBAA8D600FCEE99 /* Sources */,
				6AEC632D2BBAA8D600FCEE99 /* Frameworks */,
				6AEC632E2BBAA8D600FCEE99 /* Resources */,
			);
			buildRules = (
			);
			dependencies = (
				6AEC63322BBAA8D600FCEE99 /* PBXTargetDependency */,
			);
			name = SwiftUIComponentsUITests;
			productName = SwiftUIComponentsUITests;
			productReference = 6AEC63302BBAA8D600FCEE99 /* SwiftUIComponentsUITests.xctest */;
			productType = "com.apple.product-type.bundle.ui-testing";
		};
/* End PBXNativeTarget section */

/* Begin PBXProject section */
		6AEC630E2BBAA8D400FCEE99 /* Project object */ = {
			isa = PBXProject;
			attributes = {
				BuildIndependentTargetsInParallel = 1;
				LastSwiftUpdateCheck = 1520;
				LastUpgradeCheck = 1520;
				TargetAttributes = {
					6AEC63152BBAA8D400FCEE99 = {
						CreatedOnToolsVersion = 15.2;
					};
					6AEC63252BBAA8D600FCEE99 = {
						CreatedOnToolsVersion = 15.2;
						TestTargetID = 6AEC63152BBAA8D400FCEE99;
					};
					6AEC632F2BBAA8D600FCEE99 = {
						CreatedOnToolsVersion = 15.2;
						TestTargetID = 6AEC63152BBAA8D400FCEE99;
					};
				};
			};
			buildConfigurationList = 6AEC63112BBAA8D400FCEE99 /* Build configuration list for PBXProject "SwiftUIComponents" */;
			compatibilityVersion = "Xcode 14.0";
			developmentRegion = en;
			hasScannedForEncodings = 0;
			knownRegions = (
				en,
				Base,
			);
			mainGroup = 6AEC630D2BBAA8D400FCEE99;
			packageReferences = (
				6AEC634B2BBAB37B00FCEE99 /* XCRemoteSwiftPackageReference "swift-algorithms" */,
			);
			productRefGroup = 6AEC63172BBAA8D400FCEE99 /* Products */;
			projectDirPath = "";
			projectRoot = "";
			targets = (
				6AEC63152BBAA8D400FCEE99 /* SwiftUIComponents */,
				6AEC63252BBAA8D600FCEE99 /* SwiftUIComponentsTests */,
				6AEC632F2BBAA8D600FCEE99 /* SwiftUIComponentsUITests */,
			);
		};
/* End PBXProject section */

/* Begin PBXResourcesBuildPhase section */
		6AEC63142BBAA8D400FCEE99 /* Resources */ = {
			isa = PBXResourcesBuildPhase;
			buildActionMask = 2147483647;
			files = (
				6AEC63212BBAA8D600FCEE99 /* Preview Assets.xcassets in Resources */,
				6AEC631E2BBAA8D600FCEE99 /* Assets.xcassets in Resources */,
			);
			runOnlyForDeploymentPostprocessing = 0;
		};
		6AEC63242BBAA8D600FCEE99 /* Resources */ = {
			isa = PBXResourcesBuildPhase;
			buildActionMask = 2147483647;
			files = (
			);
			runOnlyForDeploymentPostprocessing = 0;
		};
		6AEC632E2BBAA8D600FCEE99 /* Resources */ = {
			isa = PBXResourcesBuildPhase;
			buildActionMask = 2147483647;
			files = (
			);
			runOnlyForDeploymentPostprocessing = 0;
		};
/* End PBXResourcesBuildPhase section */

/* Begin PBXSourcesBuildPhase section */
		6AEC63122BBAA8D400FCEE99 /* Sources */ = {
			isa = PBXSourcesBuildPhase;
			buildActionMask = 2147483647;
			files = (
				6AEC63472BBAA9CA00FCEE99 /* ListExample.swift in Sources */,
				6AEC631C2BBAA8D400FCEE99 /* ContentView.swift in Sources */,
				6AEC634F2BBAB77D00FCEE99 /* ListHomeScreen.swift in Sources */,
				6AEC63522BBAB94000FCEE99 /* ScrollViewExample1.swift in Sources */,
				6AD405AA2BE766290055B030 /* BGColorExample.swift in Sources */,
				6AEC63452BBAA8FF00FCEE99 /* ToggleButton.swift in Sources */,
				6AD405A82BE758A60055B030 /* MenuItemViewExample.swift in Sources */,
				6AEC634A2BBAAFC900FCEE99 /* ListExample1.swift in Sources */,
				6AEC631A2BBAA8D400FCEE99 /* SwiftUIComponentsApp.swift in Sources */,
				6AEC63552BBABEF300FCEE99 /* GridViewExample1.swift in Sources */,
				6AEC63572BBAC38F00FCEE99 /* StaticGridExample.swift in Sources */,
			);
			runOnlyForDeploymentPostprocessing = 0;
		};
		6AEC63222BBAA8D600FCEE99 /* Sources */ = {
			isa = PBXSourcesBuildPhase;
			buildActionMask = 2147483647;
			files = (
				6AEC632B2BBAA8D600FCEE99 /* SwiftUIComponentsTests.swift in Sources */,
			);
			runOnlyForDeploymentPostprocessing = 0;
		};
		6AEC632C2BBAA8D600FCEE99 /* Sources */ = {
			isa = PBXSourcesBuildPhase;
			buildActionMask = 2147483647;
			files = (
				6AEC63372BBAA8D600FCEE99 /* SwiftUIComponentsUITestsLaunchTests.swift in Sources */,
				6AEC63352BBAA8D600FCEE99 /* SwiftUIComponentsUITests.swift in Sources */,
			);
			runOnlyForDeploymentPostprocessing = 0;
		};
/* End PBXSourcesBuildPhase section */

/* Begin PBXTargetDependency section */
		6AEC63282BBAA8D600FCEE99 /* PBXTargetDependency */ = {
			isa = PBXTargetDependency;
			target = 6AEC63152BBAA8D400FCEE99 /* SwiftUIComponents */;
			targetProxy = 6AEC63272BBAA8D600FCEE99 /* PBXContainerItemProxy */;
		};
		6AEC63322BBAA8D600FCEE99 /* PBXTargetDependency */ = {
			isa = PBXTargetDependency;
			target = 6AEC63152BBAA8D400FCEE99 /* SwiftUIComponents */;
			targetProxy = 6AEC63312BBAA8D600FCEE99 /* PBXContainerItemProxy */;
		};
/* End PBXTargetDependency section */

/* Begin XCBuildConfiguration section */
		6AEC63382BBAA8D600FCEE99 /* Debug */ = {
			isa = XCBuildConfiguration;
			buildSettings = {
				ALWAYS_SEARCH_USER_PATHS = NO;
				ASSETCATALOG_COMPILER_GENERATE_SWIFT_ASSET_SYMBOL_EXTENSIONS = YES;
				CLANG_ANALYZER_NONNULL = YES;
				CLANG_ANALYZER_NUMBER_OBJECT_CONVERSION = YES_AGGRESSIVE;
				CLANG_CXX_LANGUAGE_STANDARD = "gnu++20";
				CLANG_ENABLE_MODULES = YES;
				CLANG_ENABLE_OBJC_ARC = YES;
				CLANG_ENABLE_OBJC_WEAK = YES;
				CLANG_WARN_BLOCK_CAPTURE_AUTORELEASING = YES;
				CLANG_WARN_BOOL_CONVERSION = YES;
				CLANG_WARN_COMMA = YES;
				CLANG_WARN_CONSTANT_CONVERSION = YES;
				CLANG_WARN_DEPRECATED_OBJC_IMPLEMENTATIONS = YES;
				CLANG_WARN_DIRECT_OBJC_ISA_USAGE = YES_ERROR;
				CLANG_WARN_DOCUMENTATION_COMMENTS = YES;
				CLANG_WARN_EMPTY_BODY = YES;
				CLANG_WARN_ENUM_CONVERSION = YES;
				CLANG_WARN_INFINITE_RECURSION = YES;
				CLANG_WARN_INT_CONVERSION = YES;
				CLANG_WARN_NON_LITERAL_NULL_CONVERSION = YES;
				CLANG_WARN_OBJC_IMPLICIT_RETAIN_SELF = YES;
				CLANG_WARN_OBJC_LITERAL_CONVERSION = YES;
				CLANG_WARN_OBJC_ROOT_CLASS = YES_ERROR;
				CLANG_WARN_QUOTED_INCLUDE_IN_FRAMEWORK_HEADER = YES;
				CLANG_WARN_RANGE_LOOP_ANALYSIS = YES;
				CLANG_WARN_STRICT_PROTOTYPES = YES;
				CLANG_WARN_SUSPICIOUS_MOVE = YES;
				CLANG_WARN_UNGUARDED_AVAILABILITY = YES_AGGRESSIVE;
				CLANG_WARN_UNREACHABLE_CODE = YES;
				CLANG_WARN__DUPLICATE_METHOD_MATCH = YES;
				COPY_PHASE_STRIP = NO;
				DEBUG_INFORMATION_FORMAT = dwarf;
				ENABLE_STRICT_OBJC_MSGSEND = YES;
				ENABLE_TESTABILITY = YES;
				ENABLE_USER_SCRIPT_SANDBOXING = YES;
				GCC_C_LANGUAGE_STANDARD = gnu17;
				GCC_DYNAMIC_NO_PIC = NO;
				GCC_NO_COMMON_BLOCKS = YES;
				GCC_OPTIMIZATION_LEVEL = 0;
				GCC_PREPROCESSOR_DEFINITIONS = (
					"DEBUG=1",
					"$(inherited)",
				);
				GCC_WARN_64_TO_32_BIT_CONVERSION = YES;
				GCC_WARN_ABOUT_RETURN_TYPE = YES_ERROR;
				GCC_WARN_UNDECLARED_SELECTOR = YES;
				GCC_WARN_UNINITIALIZED_AUTOS = YES_AGGRESSIVE;
				GCC_WARN_UNUSED_FUNCTION = YES;
				GCC_WARN_UNUSED_VARIABLE = YES;
				IPHONEOS_DEPLOYMENT_TARGET = 17.2;
				LOCALIZATION_PREFERS_STRING_CATALOGS = YES;
				MTL_ENABLE_DEBUG_INFO = INCLUDE_SOURCE;
				MTL_FAST_MATH = YES;
				ONLY_ACTIVE_ARCH = YES;
				SDKROOT = iphoneos;
				SWIFT_ACTIVE_COMPILATION_CONDITIONS = "DEBUG $(inherited)";
				SWIFT_OPTIMIZATION_LEVEL = "-Onone";
			};
			name = Debug;
		};
		6AEC63392BBAA8D600FCEE99 /* Release */ = {
			isa = XCBuildConfiguration;
			buildSettings = {
				ALWAYS_SEARCH_USER_PATHS = NO;
				ASSETCATALOG_COMPILER_GENERATE_SWIFT_ASSET_SYMBOL_EXTENSIONS = YES;
				CLANG_ANALYZER_NONNULL = YES;
				CLANG_ANALYZER_NUMBER_OBJECT_CONVERSION = YES_AGGRESSIVE;
				CLANG_CXX_LANGUAGE_STANDARD = "gnu++20";
				CLANG_ENABLE_MODULES = YES;
				CLANG_ENABLE_OBJC_ARC = YES;
				CLANG_ENABLE_OBJC_WEAK = YES;
				CLANG_WARN_BLOCK_CAPTURE_AUTORELEASING = YES;
				CLANG_WARN_BOOL_CONVERSION = YES;
				CLANG_WARN_COMMA = YES;
				CLANG_WARN_CONSTANT_CONVERSION = YES;
				CLANG_WARN_DEPRECATED_OBJC_IMPLEMENTATIONS = YES;
				CLANG_WARN_DIRECT_OBJC_ISA_USAGE = YES_ERROR;
				CLANG_WARN_DOCUMENTATION_COMMENTS = YES;
				CLANG_WARN_EMPTY_BODY = YES;
				CLANG_WARN_ENUM_CONVERSION = YES;
				CLANG_WARN_INFINITE_RECURSION = YES;
				CLANG_WARN_INT_CONVERSION = YES;
				CLANG_WARN_NON_LITERAL_NULL_CONVERSION = YES;
				CLANG_WARN_OBJC_IMPLICIT_RETAIN_SELF = YES;
				CLANG_WARN_OBJC_LITERAL_CONVERSION = YES;
				CLANG_WARN_OBJC_ROOT_CLASS = YES_ERROR;
				CLANG_WARN_QUOTED_INCLUDE_IN_FRAMEWORK_HEADER = YES;
				CLANG_WARN_RANGE_LOOP_ANALYSIS = YES;
				CLANG_WARN_STRICT_PROTOTYPES = YES;
				CLANG_WARN_SUSPICIOUS_MOVE = YES;
				CLANG_WARN_UNGUARDED_AVAILABILITY = YES_AGGRESSIVE;
				CLANG_WARN_UNREACHABLE_CODE = YES;
				CLANG_WARN__DUPLICATE_METHOD_MATCH = YES;
				COPY_PHASE_STRIP = NO;
				DEBUG_INFORMATION_FORMAT = "dwarf-with-dsym";
				ENABLE_NS_ASSERTIONS = NO;
				ENABLE_STRICT_OBJC_MSGSEND = YES;
				ENABLE_USER_SCRIPT_SANDBOXING = YES;
				GCC_C_LANGUAGE_STANDARD = gnu17;
				GCC_NO_COMMON_BLOCKS = YES;
				GCC_WARN_64_TO_32_BIT_CONVERSION = YES;
				GCC_WARN_ABOUT_RETURN_TYPE = YES_ERROR;
				GCC_WARN_UNDECLARED_SELECTOR = YES;
				GCC_WARN_UNINITIALIZED_AUTOS = YES_AGGRESSIVE;
				GCC_WARN_UNUSED_FUNCTION = YES;
				GCC_WARN_UNUSED_VARIABLE = YES;
				IPHONEOS_DEPLOYMENT_TARGET = 17.2;
				LOCALIZATION_PREFERS_STRING_CATALOGS = YES;
				MTL_ENABLE_DEBUG_INFO = NO;
				MTL_FAST_MATH = YES;
				SDKROOT = iphoneos;
				SWIFT_COMPILATION_MODE = wholemodule;
				VALIDATE_PRODUCT = YES;
			};
			name = Release;
		};
		6AEC633B2BBAA8D600FCEE99 /* Debug */ = {
			isa = XCBuildConfiguration;
			buildSettings = {
				ASSETCATALOG_COMPILER_APPICON_NAME = AppIcon;
				ASSETCATALOG_COMPILER_GLOBAL_ACCENT_COLOR_NAME = AccentColor;
				CODE_SIGN_STYLE = Automatic;
				CURRENT_PROJECT_VERSION = 1;
				DEVELOPMENT_ASSET_PATHS = "\"SwiftUIComponents/Preview Content\"";
				DEVELOPMENT_TEAM = 4QSAD4G9QY;
				ENABLE_PREVIEWS = YES;
				GENERATE_INFOPLIST_FILE = YES;
				INFOPLIST_KEY_UIApplicationSceneManifest_Generation = YES;
				INFOPLIST_KEY_UIApplicationSupportsIndirectInputEvents = YES;
				INFOPLIST_KEY_UILaunchScreen_Generation = YES;
				INFOPLIST_KEY_UISupportedInterfaceOrientations_iPad = "UIInterfaceOrientationPortrait UIInterfaceOrientationPortraitUpsideDown UIInterfaceOrientationLandscapeLeft UIInterfaceOrientationLandscapeRight";
				INFOPLIST_KEY_UISupportedInterfaceOrientations_iPhone = "UIInterfaceOrientationPortrait UIInterfaceOrientationLandscapeLeft UIInterfaceOrientationLandscapeRight";
				LD_RUNPATH_SEARCH_PATHS = (
					"$(inherited)",
					"@executable_path/Frameworks",
				);
				MARKETING_VERSION = 1.0;
				PRODUCT_BUNDLE_IDENTIFIER = com.kamleshwar.SwiftUIComponents;
				PRODUCT_NAME = "$(TARGET_NAME)";
				SWIFT_EMIT_LOC_STRINGS = YES;
				SWIFT_VERSION = 5.0;
				TARGETED_DEVICE_FAMILY = "1,2";
			};
			name = Debug;
		};
		6AEC633C2BBAA8D600FCEE99 /* Release */ = {
			isa = XCBuildConfiguration;
			buildSettings = {
				ASSETCATALOG_COMPILER_APPICON_NAME = AppIcon;
				ASSETCATALOG_COMPILER_GLOBAL_ACCENT_COLOR_NAME = AccentColor;
				CODE_SIGN_STYLE = Automatic;
				CURRENT_PROJECT_VERSION = 1;
				DEVELOPMENT_ASSET_PATHS = "\"SwiftUIComponents/Preview Content\"";
				DEVELOPMENT_TEAM = 4QSAD4G9QY;
				ENABLE_PREVIEWS = YES;
				GENERATE_INFOPLIST_FILE = YES;
				INFOPLIST_KEY_UIApplicationSceneManifest_Generation = YES;
				INFOPLIST_KEY_UIApplicationSupportsIndirectInputEvents = YES;
				INFOPLIST_KEY_UILaunchScreen_Generation = YES;
				INFOPLIST_KEY_UISupportedInterfaceOrientations_iPad = "UIInterfaceOrientationPortrait UIInterfaceOrientationPortraitUpsideDown UIInterfaceOrientationLandscapeLeft UIInterfaceOrientationLandscapeRight";
				INFOPLIST_KEY_UISupportedInterfaceOrientations_iPhone = "UIInterfaceOrientationPortrait UIInterfaceOrientationLandscapeLeft UIInterfaceOrientationLandscapeRight";
				LD_RUNPATH_SEARCH_PATHS = (
					"$(inherited)",
					"@executable_path/Frameworks",
				);
				MARKETING_VERSION = 1.0;
				PRODUCT_BUNDLE_IDENTIFIER = com.kamleshwar.SwiftUIComponents;
				PRODUCT_NAME = "$(TARGET_NAME)";
				SWIFT_EMIT_LOC_STRINGS = YES;
				SWIFT_VERSION = 5.0;
				TARGETED_DEVICE_FAMILY = "1,2";
			};
			name = Release;
		};
		6AEC633E2BBAA8D600FCEE99 /* Debug */ = {
			isa = XCBuildConfiguration;
			buildSettings = {
				ALWAYS_EMBED_SWIFT_STANDARD_LIBRARIES = YES;
				BUNDLE_LOADER = "$(TEST_HOST)";
				CODE_SIGN_STYLE = Automatic;
				CURRENT_PROJECT_VERSION = 1;
				DEVELOPMENT_TEAM = 4QSAD4G9QY;
				GENERATE_INFOPLIST_FILE = YES;
				IPHONEOS_DEPLOYMENT_TARGET = 17.2;
				MARKETING_VERSION = 1.0;
				PRODUCT_BUNDLE_IDENTIFIER = com.kamleshwar.SwiftUIComponentsTests;
				PRODUCT_NAME = "$(TARGET_NAME)";
				SWIFT_EMIT_LOC_STRINGS = NO;
				SWIFT_VERSION = 5.0;
				TARGETED_DEVICE_FAMILY = "1,2";
				TEST_HOST = "$(BUILT_PRODUCTS_DIR)/SwiftUIComponents.app/$(BUNDLE_EXECUTABLE_FOLDER_PATH)/SwiftUIComponents";
			};
			name = Debug;
		};
		6AEC633F2BBAA8D600FCEE99 /* Release */ = {
			isa = XCBuildConfiguration;
			buildSettings = {
				ALWAYS_EMBED_SWIFT_STANDARD_LIBRARIES = YES;
				BUNDLE_LOADER = "$(TEST_HOST)";
				CODE_SIGN_STYLE = Automatic;
				CURRENT_PROJECT_VERSION = 1;
				DEVELOPMENT_TEAM = 4QSAD4G9QY;
				GENERATE_INFOPLIST_FILE = YES;
				IPHONEOS_DEPLOYMENT_TARGET = 17.2;
				MARKETING_VERSION = 1.0;
				PRODUCT_BUNDLE_IDENTIFIER = com.kamleshwar.SwiftUIComponentsTests;
				PRODUCT_NAME = "$(TARGET_NAME)";
				SWIFT_EMIT_LOC_STRINGS = NO;
				SWIFT_VERSION = 5.0;
				TARGETED_DEVICE_FAMILY = "1,2";
				TEST_HOST = "$(BUILT_PRODUCTS_DIR)/SwiftUIComponents.app/$(BUNDLE_EXECUTABLE_FOLDER_PATH)/SwiftUIComponents";
			};
			name = Release;
		};
		6AEC63412BBAA8D600FCEE99 /* Debug */ = {
			isa = XCBuildConfiguration;
			buildSettings = {
				ALWAYS_EMBED_SWIFT_STANDARD_LIBRARIES = YES;
				CODE_SIGN_STYLE = Automatic;
				CURRENT_PROJECT_VERSION = 1;
				DEVELOPMENT_TEAM = 4QSAD4G9QY;
				GENERATE_INFOPLIST_FILE = YES;
				MARKETING_VERSION = 1.0;
				PRODUCT_BUNDLE_IDENTIFIER = com.kamleshwar.SwiftUIComponentsUITests;
				PRODUCT_NAME = "$(TARGET_NAME)";
				SWIFT_EMIT_LOC_STRINGS = NO;
				SWIFT_VERSION = 5.0;
				TARGETED_DEVICE_FAMILY = "1,2";
				TEST_TARGET_NAME = SwiftUIComponents;
			};
			name = Debug;
		};
		6AEC63422BBAA8D600FCEE99 /* Release */ = {
			isa = XCBuildConfiguration;
			buildSettings = {
				ALWAYS_EMBED_SWIFT_STANDARD_LIBRARIES = YES;
				CODE_SIGN_STYLE = Automatic;
				CURRENT_PROJECT_VERSION = 1;
				DEVELOPMENT_TEAM = 4QSAD4G9QY;
				GENERATE_INFOPLIST_FILE = YES;
				MARKETING_VERSION = 1.0;
				PRODUCT_BUNDLE_IDENTIFIER = com.kamleshwar.SwiftUIComponentsUITests;
				PRODUCT_NAME = "$(TARGET_NAME)";
				SWIFT_EMIT_LOC_STRINGS = NO;
				SWIFT_VERSION = 5.0;
				TARGETED_DEVICE_FAMILY = "1,2";
				TEST_TARGET_NAME = SwiftUIComponents;
			};
			name = Release;
		};
/* End XCBuildConfiguration section */

/* Begin XCConfigurationList section */
		6AEC63112BBAA8D400FCEE99 /* Build configuration list for PBXProject "SwiftUIComponents" */ = {
			isa = XCConfigurationList;
			buildConfigurations = (
				6AEC63382BBAA8D600FCEE99 /* Debug */,
				6AEC63392BBAA8D600FCEE99 /* Release */,
			);
			defaultConfigurationIsVisible = 0;
			defaultConfigurationName = Release;
		};
		6AEC633A2BBAA8D600FCEE99 /* Build configuration list for PBXNativeTarget "SwiftUIComponents" */ = {
			isa = XCConfigurationList;
			buildConfigurations = (
				6AEC633B2BBAA8D600FCEE99 /* Debug */,
				6AEC633C2BBAA8D600FCEE99 /* Release */,
			);
			defaultConfigurationIsVisible = 0;
			defaultConfigurationName = Release;
		};
		6AEC633D2BBAA8D600FCEE99 /* Build configuration list for PBXNativeTarget "SwiftUIComponentsTests" */ = {
			isa = XCConfigurationList;
			buildConfigurations = (
				6AEC633E2BBAA8D600FCEE99 /* Debug */,
				6AEC633F2BBAA8D600FCEE99 /* Release */,
			);
			defaultConfigurationIsVisible = 0;
			defaultConfigurationName = Release;
		};
		6AEC63402BBAA8D600FCEE99 /* Build configuration list for PBXNativeTarget "SwiftUIComponentsUITests" */ = {
			isa = XCConfigurationList;
			buildConfigurations = (
				6AEC63412BBAA8D600FCEE99 /* Debug */,
				6AEC63422BBAA8D600FCEE99 /* Release */,
			);
			defaultConfigurationIsVisible = 0;
			defaultConfigurationName = Release;
		};
/* End XCConfigurationList section */

/* Begin XCRemoteSwiftPackageReference section */
		6AEC634B2BBAB37B00FCEE99 /* XCRemoteSwiftPackageReference "swift-algorithms" */ = {
			isa = XCRemoteSwiftPackageReference;
			repositoryURL = "https://github.com/apple/swift-algorithms.git";
			requirement = {
				kind = upToNextMajorVersion;
				minimumVersion = 1.2.0;
			};
		};
/* End XCRemoteSwiftPackageReference section */

/* Begin XCSwiftPackageProductDependency section */
		6AEC634C2BBAB37B00FCEE99 /* Algorithms */ = {
			isa = XCSwiftPackageProductDependency;
			package = 6AEC634B2BBAB37B00FCEE99 /* XCRemoteSwiftPackageReference "swift-algorithms" */;
			productName = Algorithms;
		};
/* End XCSwiftPackageProductDependency section */
	};
	rootObject = 6AEC630E2BBAA8D400FCEE99 /* Project object */;
}
