// !$*UTF8*$!
{
	archiveVersion = 1;
	classes = {
	};
	objectVersion = 56;
	objects = {

/* Begin PBXBuildFile section */
		6AE851162BA97A35008BAA86 /* AsyncAwaitPracticeApp.swift in Sources */ = {isa = PBXBuildFile; fileRef = 6AE851152BA97A35008BAA86 /* AsyncAwaitPracticeApp.swift */; };
		6AE851182BA97A35008BAA86 /* ContentView.swift in Sources */ = {isa = PBXBuildFile; fileRef = 6AE851172BA97A35008BAA86 /* ContentView.swift */; };
		6AE8511A2BA97A37008BAA86 /* Assets.xcassets in Resources */ = {isa = PBXBuildFile; fileRef = 6AE851192BA97A37008BAA86 /* Assets.xcassets */; };
		6AE8511D2BA97A37008BAA86 /* Preview Assets.xcassets in Resources */ = {isa = PBXBuildFile; fileRef = 6AE8511C2BA97A37008BAA86 /* Preview Assets.xcassets */; };
		6AE851272BA97A37008BAA86 /* AsyncAwaitPracticeTests.swift in Sources */ = {isa = PBXBuildFile; fileRef = 6AE851262BA97A37008BAA86 /* AsyncAwaitPracticeTests.swift */; };
		6AE851312BA97A38008BAA86 /* AsyncAwaitPracticeUITests.swift in Sources */ = {isa = PBXBuildFile; fileRef = 6AE851302BA97A38008BAA86 /* AsyncAwaitPracticeUITests.swift */; };
		6AE851332BA97A38008BAA86 /* AsyncAwaitPracticeUITestsLaunchTests.swift in Sources */ = {isa = PBXBuildFile; fileRef = 6AE851322BA97A38008BAA86 /* AsyncAwaitPracticeUITestsLaunchTests.swift */; };
/* End PBXBuildFile section */

/* Begin PBXContainerItemProxy section */
		6AE851232BA97A37008BAA86 /* PBXContainerItemProxy */ = {
			isa = PBXContainerItemProxy;
			containerPortal = 6AE8510A2BA97A35008BAA86 /* Project object */;
			proxyType = 1;
			remoteGlobalIDString = 6AE851112BA97A35008BAA86;
			remoteInfo = AsyncAwaitPractice;
		};
		6AE8512D2BA97A38008BAA86 /* PBXContainerItemProxy */ = {
			isa = PBXContainerItemProxy;
			containerPortal = 6AE8510A2BA97A35008BAA86 /* Project object */;
			proxyType = 1;
			remoteGlobalIDString = 6AE851112BA97A35008BAA86;
			remoteInfo = AsyncAwaitPractice;
		};
/* End PBXContainerItemProxy section */

/* Begin PBXFileReference section */
		6AE851122BA97A35008BAA86 /* AsyncAwaitPractice.app */ = {isa = PBXFileReference; explicitFileType = wrapper.application; includeInIndex = 0; path = AsyncAwaitPractice.app; sourceTree = BUILT_PRODUCTS_DIR; };
		6AE851152BA97A35008BAA86 /* AsyncAwaitPracticeApp.swift */ = {isa = PBXFileReference; lastKnownFileType = sourcecode.swift; path = AsyncAwaitPracticeApp.swift; sourceTree = "<group>"; };
		6AE851172BA97A35008BAA86 /* ContentView.swift */ = {isa = PBXFileReference; lastKnownFileType = sourcecode.swift; path = ContentView.swift; sourceTree = "<group>"; };
		6AE851192BA97A37008BAA86 /* Assets.xcassets */ = {isa = PBXFileReference; lastKnownFileType = folder.assetcatalog; path = Assets.xcassets; sourceTree = "<group>"; };
		6AE8511C2BA97A37008BAA86 /* Preview Assets.xcassets */ = {isa = PBXFileReference; lastKnownFileType = folder.assetcatalog; path = "Preview Assets.xcassets"; sourceTree = "<group>"; };
		6AE851222BA97A37008BAA86 /* AsyncAwaitPracticeTests.xctest */ = {isa = PBXFileReference; explicitFileType = wrapper.cfbundle; includeInIndex = 0; path = AsyncAwaitPracticeTests.xctest; sourceTree = BUILT_PRODUCTS_DIR; };
		6AE851262BA97A37008BAA86 /* AsyncAwaitPracticeTests.swift */ = {isa = PBXFileReference; lastKnownFileType = sourcecode.swift; path = AsyncAwaitPracticeTests.swift; sourceTree = "<group>"; };
		6AE8512C2BA97A38008BAA86 /* AsyncAwaitPracticeUITests.xctest */ = {isa = PBXFileReference; explicitFileType = wrapper.cfbundle; includeInIndex = 0; path = AsyncAwaitPracticeUITests.xctest; sourceTree = BUILT_PRODUCTS_DIR; };
		6AE851302BA97A38008BAA86 /* AsyncAwaitPracticeUITests.swift */ = {isa = PBXFileReference; lastKnownFileType = sourcecode.swift; path = AsyncAwaitPracticeUITests.swift; sourceTree = "<group>"; };
		6AE851322BA97A38008BAA86 /* AsyncAwaitPracticeUITestsLaunchTests.swift */ = {isa = PBXFileReference; lastKnownFileType = sourcecode.swift; path = AsyncAwaitPracticeUITestsLaunchTests.swift; sourceTree = "<group>"; };
/* End PBXFileReference section */

/* Begin PBXFrameworksBuildPhase section */
		6AE8510F2BA97A35008BAA86 /* Frameworks */ = {
			isa = PBXFrameworksBuildPhase;
			buildActionMask = 2147483647;
			files = (
			);
			runOnlyForDeploymentPostprocessing = 0;
		};
		6AE8511F2BA97A37008BAA86 /* Frameworks */ = {
			isa = PBXFrameworksBuildPhase;
			buildActionMask = 2147483647;
			files = (
			);
			runOnlyForDeploymentPostprocessing = 0;
		};
		6AE851292BA97A38008BAA86 /* Frameworks */ = {
			isa = PBXFrameworksBuildPhase;
			buildActionMask = 2147483647;
			files = (
			);
			runOnlyForDeploymentPostprocessing = 0;
		};
/* End PBXFrameworksBuildPhase section */

/* Begin PBXGroup section */
		6AE851092BA97A35008BAA86 = {
			isa = PBXGroup;
			children = (
				6AE851142BA97A35008BAA86 /* AsyncAwaitPractice */,
				6AE851252BA97A37008BAA86 /* AsyncAwaitPracticeTests */,
				6AE8512F2BA97A38008BAA86 /* AsyncAwaitPracticeUITests */,
				6AE851132BA97A35008BAA86 /* Products */,
			);
			sourceTree = "<group>";
		};
		6AE851132BA97A35008BAA86 /* Products */ = {
			isa = PBXGroup;
			children = (
				6AE851122BA97A35008BAA86 /* AsyncAwaitPractice.app */,
				6AE851222BA97A37008BAA86 /* AsyncAwaitPracticeTests.xctest */,
				6AE8512C2BA97A38008BAA86 /* AsyncAwaitPracticeUITests.xctest */,
			);
			name = Products;
			sourceTree = "<group>";
		};
		6AE851142BA97A35008BAA86 /* AsyncAwaitPractice */ = {
			isa = PBXGroup;
			children = (
				6AE851152BA97A35008BAA86 /* AsyncAwaitPracticeApp.swift */,
				6AE851172BA97A35008BAA86 /* ContentView.swift */,
				6AE851192BA97A37008BAA86 /* Assets.xcassets */,
				6AE8511B2BA97A37008BAA86 /* Preview Content */,
			);
			path = AsyncAwaitPractice;
			sourceTree = "<group>";
		};
		6AE8511B2BA97A37008BAA86 /* Preview Content */ = {
			isa = PBXGroup;
			children = (
				6AE8511C2BA97A37008BAA86 /* Preview Assets.xcassets */,
			);
			path = "Preview Content";
			sourceTree = "<group>";
		};
		6AE851252BA97A37008BAA86 /* AsyncAwaitPracticeTests */ = {
			isa = PBXGroup;
			children = (
				6AE851262BA97A37008BAA86 /* AsyncAwaitPracticeTests.swift */,
			);
			path = AsyncAwaitPracticeTests;
			sourceTree = "<group>";
		};
		6AE8512F2BA97A38008BAA86 /* AsyncAwaitPracticeUITests */ = {
			isa = PBXGroup;
			children = (
				6AE851302BA97A38008BAA86 /* AsyncAwaitPracticeUITests.swift */,
				6AE851322BA97A38008BAA86 /* AsyncAwaitPracticeUITestsLaunchTests.swift */,
			);
			path = AsyncAwaitPracticeUITests;
			sourceTree = "<group>";
		};
/* End PBXGroup section */

/* Begin PBXNativeTarget section */
		6AE851112BA97A35008BAA86 /* AsyncAwaitPractice */ = {
			isa = PBXNativeTarget;
			buildConfigurationList = 6AE851362BA97A38008BAA86 /* Build configuration list for PBXNativeTarget "AsyncAwaitPractice" */;
			buildPhases = (
				6AE8510E2BA97A35008BAA86 /* Sources */,
				6AE8510F2BA97A35008BAA86 /* Frameworks */,
				6AE851102BA97A35008BAA86 /* Resources */,
			);
			buildRules = (
			);
			dependencies = (
			);
			name = AsyncAwaitPractice;
			productName = AsyncAwaitPractice;
			productReference = 6AE851122BA97A35008BAA86 /* AsyncAwaitPractice.app */;
			productType = "com.apple.product-type.application";
		};
		6AE851212BA97A37008BAA86 /* AsyncAwaitPracticeTests */ = {
			isa = PBXNativeTarget;
			buildConfigurationList = 6AE851392BA97A38008BAA86 /* Build configuration list for PBXNativeTarget "AsyncAwaitPracticeTests" */;
			buildPhases = (
				6AE8511E2BA97A37008BAA86 /* Sources */,
				6AE8511F2BA97A37008BAA86 /* Frameworks */,
				6AE851202BA97A37008BAA86 /* Resources */,
			);
			buildRules = (
			);
			dependencies = (
				6AE851242BA97A37008BAA86 /* PBXTargetDependency */,
			);
			name = AsyncAwaitPracticeTests;
			productName = AsyncAwaitPracticeTests;
			productReference = 6AE851222BA97A37008BAA86 /* AsyncAwaitPracticeTests.xctest */;
			productType = "com.apple.product-type.bundle.unit-test";
		};
		6AE8512B2BA97A38008BAA86 /* AsyncAwaitPracticeUITests */ = {
			isa = PBXNativeTarget;
			buildConfigurationList = 6AE8513C2BA97A38008BAA86 /* Build configuration list for PBXNativeTarget "AsyncAwaitPracticeUITests" */;
			buildPhases = (
				6AE851282BA97A38008BAA86 /* Sources */,
				6AE851292BA97A38008BAA86 /* Frameworks */,
				6AE8512A2BA97A38008BAA86 /* Resources */,
			);
			buildRules = (
			);
			dependencies = (
				6AE8512E2BA97A38008BAA86 /* PBXTargetDependency */,
			);
			name = AsyncAwaitPracticeUITests;
			productName = AsyncAwaitPracticeUITests;
			productReference = 6AE8512C2BA97A38008BAA86 /* AsyncAwaitPracticeUITests.xctest */;
			productType = "com.apple.product-type.bundle.ui-testing";
		};
/* End PBXNativeTarget section */

/* Begin PBXProject section */
		6AE8510A2BA97A35008BAA86 /* Project object */ = {
			isa = PBXProject;
			attributes = {
				BuildIndependentTargetsInParallel = 1;
				LastSwiftUpdateCheck = 1520;
				LastUpgradeCheck = 1520;
				TargetAttributes = {
					6AE851112BA97A35008BAA86 = {
						CreatedOnToolsVersion = 15.2;
					};
					6AE851212BA97A37008BAA86 = {
						CreatedOnToolsVersion = 15.2;
						TestTargetID = 6AE851112BA97A35008BAA86;
					};
					6AE8512B2BA97A38008BAA86 = {
						CreatedOnToolsVersion = 15.2;
						TestTargetID = 6AE851112BA97A35008BAA86;
					};
				};
			};
			buildConfigurationList = 6AE8510D2BA97A35008BAA86 /* Build configuration list for PBXProject "AsyncAwaitPractice" */;
			compatibilityVersion = "Xcode 14.0";
			developmentRegion = en;
			hasScannedForEncodings = 0;
			knownRegions = (
				en,
				Base,
			);
			mainGroup = 6AE851092BA97A35008BAA86;
			productRefGroup = 6AE851132BA97A35008BAA86 /* Products */;
			projectDirPath = "";
			projectRoot = "";
			targets = (
				6AE851112BA97A35008BAA86 /* AsyncAwaitPractice */,
				6AE851212BA97A37008BAA86 /* AsyncAwaitPracticeTests */,
				6AE8512B2BA97A38008BAA86 /* AsyncAwaitPracticeUITests */,
			);
		};
/* End PBXProject section */

/* Begin PBXResourcesBuildPhase section */
		6AE851102BA97A35008BAA86 /* Resources */ = {
			isa = PBXResourcesBuildPhase;
			buildActionMask = 2147483647;
			files = (
				6AE8511D2BA97A37008BAA86 /* Preview Assets.xcassets in Resources */,
				6AE8511A2BA97A37008BAA86 /* Assets.xcassets in Resources */,
			);
			runOnlyForDeploymentPostprocessing = 0;
		};
		6AE851202BA97A37008BAA86 /* Resources */ = {
			isa = PBXResourcesBuildPhase;
			buildActionMask = 2147483647;
			files = (
			);
			runOnlyForDeploymentPostprocessing = 0;
		};
		6AE8512A2BA97A38008BAA86 /* Resources */ = {
			isa = PBXResourcesBuildPhase;
			buildActionMask = 2147483647;
			files = (
			);
			runOnlyForDeploymentPostprocessing = 0;
		};
/* End PBXResourcesBuildPhase section */

/* Begin PBXSourcesBuildPhase section */
		6AE8510E2BA97A35008BAA86 /* Sources */ = {
			isa = PBXSourcesBuildPhase;
			buildActionMask = 2147483647;
			files = (
				6AE851182BA97A35008BAA86 /* ContentView.swift in Sources */,
				6AE851162BA97A35008BAA86 /* AsyncAwaitPracticeApp.swift in Sources */,
			);
			runOnlyForDeploymentPostprocessing = 0;
		};
		6AE8511E2BA97A37008BAA86 /* Sources */ = {
			isa = PBXSourcesBuildPhase;
			buildActionMask = 2147483647;
			files = (
				6AE851272BA97A37008BAA86 /* AsyncAwaitPracticeTests.swift in Sources */,
			);
			runOnlyForDeploymentPostprocessing = 0;
		};
		6AE851282BA97A38008BAA86 /* Sources */ = {
			isa = PBXSourcesBuildPhase;
			buildActionMask = 2147483647;
			files = (
				6AE851312BA97A38008BAA86 /* AsyncAwaitPracticeUITests.swift in Sources */,
				6AE851332BA97A38008BAA86 /* AsyncAwaitPracticeUITestsLaunchTests.swift in Sources */,
			);
			runOnlyForDeploymentPostprocessing = 0;
		};
/* End PBXSourcesBuildPhase section */

/* Begin PBXTargetDependency section */
		6AE851242BA97A37008BAA86 /* PBXTargetDependency */ = {
			isa = PBXTargetDependency;
			target = 6AE851112BA97A35008BAA86 /* AsyncAwaitPractice */;
			targetProxy = 6AE851232BA97A37008BAA86 /* PBXContainerItemProxy */;
		};
		6AE8512E2BA97A38008BAA86 /* PBXTargetDependency */ = {
			isa = PBXTargetDependency;
			target = 6AE851112BA97A35008BAA86 /* AsyncAwaitPractice */;
			targetProxy = 6AE8512D2BA97A38008BAA86 /* PBXContainerItemProxy */;
		};
/* End PBXTargetDependency section */

/* Begin XCBuildConfiguration section */
		6AE851342BA97A38008BAA86 /* Debug */ = {
			isa = XCBuildConfiguration;
			buildSettings = {
				ALWAYS_SEARCH_USER_PATHS = NO;
				ASSETCATALOG_COMPILER_GENERATE_SWIFT_ASSET_SYMBOL_EXTENSIONS = YES;
				CLANG_ANALYZER_NONNULL = YES;
				CLANG_ANALYZER_NUMBER_OBJECT_CONVERSION = YES_AGGRESSIVE;
				CLANG_CXX_LANGUAGE_STANDARD = "gnu++20";
				CLANG_ENABLE_MODULES = YES;
				CLANG_ENABLE_OBJC_ARC = YES;
				CLANG_ENABLE_OBJC_WEAK = YES;
				CLANG_WARN_BLOCK_CAPTURE_AUTORELEASING = YES;
				CLANG_WARN_BOOL_CONVERSION = YES;
				CLANG_WARN_COMMA = YES;
				CLANG_WARN_CONSTANT_CONVERSION = YES;
				CLANG_WARN_DEPRECATED_OBJC_IMPLEMENTATIONS = YES;
				CLANG_WARN_DIRECT_OBJC_ISA_USAGE = YES_ERROR;
				CLANG_WARN_DOCUMENTATION_COMMENTS = YES;
				CLANG_WARN_EMPTY_BODY = YES;
				CLANG_WARN_ENUM_CONVERSION = YES;
				CLANG_WARN_INFINITE_RECURSION = YES;
				CLANG_WARN_INT_CONVERSION = YES;
				CLANG_WARN_NON_LITERAL_NULL_CONVERSION = YES;
				CLANG_WARN_OBJC_IMPLICIT_RETAIN_SELF = YES;
				CLANG_WARN_OBJC_LITERAL_CONVERSION = YES;
				CLANG_WARN_OBJC_ROOT_CLASS = YES_ERROR;
				CLANG_WARN_QUOTED_INCLUDE_IN_FRAMEWORK_HEADER = YES;
				CLANG_WARN_RANGE_LOOP_ANALYSIS = YES;
				CLANG_WARN_STRICT_PROTOTYPES = YES;
				CLANG_WARN_SUSPICIOUS_MOVE = YES;
				CLANG_WARN_UNGUARDED_AVAILABILITY = YES_AGGRESSIVE;
				CLANG_WARN_UNREACHABLE_CODE = YES;
				CLANG_WARN__DUPLICATE_METHOD_MATCH = YES;
				COPY_PHASE_STRIP = NO;
				DEBUG_INFORMATION_FORMAT = dwarf;
				ENABLE_STRICT_OBJC_MSGSEND = YES;
				ENABLE_TESTABILITY = YES;
				ENABLE_USER_SCRIPT_SANDBOXING = YES;
				GCC_C_LANGUAGE_STANDARD = gnu17;
				GCC_DYNAMIC_NO_PIC = NO;
				GCC_NO_COMMON_BLOCKS = YES;
				GCC_OPTIMIZATION_LEVEL = 0;
				GCC_PREPROCESSOR_DEFINITIONS = (
					"DEBUG=1",
					"$(inherited)",
				);
				GCC_WARN_64_TO_32_BIT_CONVERSION = YES;
				GCC_WARN_ABOUT_RETURN_TYPE = YES_ERROR;
				GCC_WARN_UNDECLARED_SELECTOR = YES;
				GCC_WARN_UNINITIALIZED_AUTOS = YES_AGGRESSIVE;
				GCC_WARN_UNUSED_FUNCTION = YES;
				GCC_WARN_UNUSED_VARIABLE = YES;
				IPHONEOS_DEPLOYMENT_TARGET = 17.2;
				LOCALIZATION_PREFERS_STRING_CATALOGS = YES;
				MTL_ENABLE_DEBUG_INFO = INCLUDE_SOURCE;
				MTL_FAST_MATH = YES;
				ONLY_ACTIVE_ARCH = YES;
				SDKROOT = iphoneos;
				SWIFT_ACTIVE_COMPILATION_CONDITIONS = "DEBUG $(inherited)";
				SWIFT_OPTIMIZATION_LEVEL = "-Onone";
			};
			name = Debug;
		};
		6AE851352BA97A38008BAA86 /* Release */ = {
			isa = XCBuildConfiguration;
			buildSettings = {
				ALWAYS_SEARCH_USER_PATHS = NO;
				ASSETCATALOG_COMPILER_GENERATE_SWIFT_ASSET_SYMBOL_EXTENSIONS = YES;
				CLANG_ANALYZER_NONNULL = YES;
				CLANG_ANALYZER_NUMBER_OBJECT_CONVERSION = YES_AGGRESSIVE;
				CLANG_CXX_LANGUAGE_STANDARD = "gnu++20";
				CLANG_ENABLE_MODULES = YES;
				CLANG_ENABLE_OBJC_ARC = YES;
				CLANG_ENABLE_OBJC_WEAK = YES;
				CLANG_WARN_BLOCK_CAPTURE_AUTORELEASING = YES;
				CLANG_WARN_BOOL_CONVERSION = YES;
				CLANG_WARN_COMMA = YES;
				CLANG_WARN_CONSTANT_CONVERSION = YES;
				CLANG_WARN_DEPRECATED_OBJC_IMPLEMENTATIONS = YES;
				CLANG_WARN_DIRECT_OBJC_ISA_USAGE = YES_ERROR;
				CLANG_WARN_DOCUMENTATION_COMMENTS = YES;
				CLANG_WARN_EMPTY_BODY = YES;
				CLANG_WARN_ENUM_CONVERSION = YES;
				CLANG_WARN_INFINITE_RECURSION = YES;
				CLANG_WARN_INT_CONVERSION = YES;
				CLANG_WARN_NON_LITERAL_NULL_CONVERSION = YES;
				CLANG_WARN_OBJC_IMPLICIT_RETAIN_SELF = YES;
				CLANG_WARN_OBJC_LITERAL_CONVERSION = YES;
				CLANG_WARN_OBJC_ROOT_CLASS = YES_ERROR;
				CLANG_WARN_QUOTED_INCLUDE_IN_FRAMEWORK_HEADER = YES;
				CLANG_WARN_RANGE_LOOP_ANALYSIS = YES;
				CLANG_WARN_STRICT_PROTOTYPES = YES;
				CLANG_WARN_SUSPICIOUS_MOVE = YES;
				CLANG_WARN_UNGUARDED_AVAILABILITY = YES_AGGRESSIVE;
				CLANG_WARN_UNREACHABLE_CODE = YES;
				CLANG_WARN__DUPLICATE_METHOD_MATCH = YES;
				COPY_PHASE_STRIP = NO;
				DEBUG_INFORMATION_FORMAT = "dwarf-with-dsym";
				ENABLE_NS_ASSERTIONS = NO;
				ENABLE_STRICT_OBJC_MSGSEND = YES;
				ENABLE_USER_SCRIPT_SANDBOXING = YES;
				GCC_C_LANGUAGE_STANDARD = gnu17;
				GCC_NO_COMMON_BLOCKS = YES;
				GCC_WARN_64_TO_32_BIT_CONVERSION = YES;
				GCC_WARN_ABOUT_RETURN_TYPE = YES_ERROR;
				GCC_WARN_UNDECLARED_SELECTOR = YES;
				GCC_WARN_UNINITIALIZED_AUTOS = YES_AGGRESSIVE;
				GCC_WARN_UNUSED_FUNCTION = YES;
				GCC_WARN_UNUSED_VARIABLE = YES;
				IPHONEOS_DEPLOYMENT_TARGET = 17.2;
				LOCALIZATION_PREFERS_STRING_CATALOGS = YES;
				MTL_ENABLE_DEBUG_INFO = NO;
				MTL_FAST_MATH = YES;
				SDKROOT = iphoneos;
				SWIFT_COMPILATION_MODE = wholemodule;
				VALIDATE_PRODUCT = YES;
			};
			name = Release;
		};
		6AE851372BA97A38008BAA86 /* Debug */ = {
			isa = XCBuildConfiguration;
			buildSettings = {
				ASSETCATALOG_COMPILER_APPICON_NAME = AppIcon;
				ASSETCATALOG_COMPILER_GLOBAL_ACCENT_COLOR_NAME = AccentColor;
				CODE_SIGN_STYLE = Automatic;
				CURRENT_PROJECT_VERSION = 1;
				DEVELOPMENT_ASSET_PATHS = "\"AsyncAwaitPractice/Preview Content\"";
				DEVELOPMENT_TEAM = 4QSAD4G9QY;
				ENABLE_PREVIEWS = YES;
				GENERATE_INFOPLIST_FILE = YES;
				INFOPLIST_KEY_UIApplicationSceneManifest_Generation = YES;
				INFOPLIST_KEY_UIApplicationSupportsIndirectInputEvents = YES;
				INFOPLIST_KEY_UILaunchScreen_Generation = YES;
				INFOPLIST_KEY_UISupportedInterfaceOrientations_iPad = "UIInterfaceOrientationPortrait UIInterfaceOrientationPortraitUpsideDown UIInterfaceOrientationLandscapeLeft UIInterfaceOrientationLandscapeRight";
				INFOPLIST_KEY_UISupportedInterfaceOrientations_iPhone = "UIInterfaceOrientationPortrait UIInterfaceOrientationLandscapeLeft UIInterfaceOrientationLandscapeRight";
				LD_RUNPATH_SEARCH_PATHS = (
					"$(inherited)",
					"@executable_path/Frameworks",
				);
				MARKETING_VERSION = 1.0;
				PRODUCT_BUNDLE_IDENTIFIER = com.kamleshwar.AsyncAwaitPractice;
				PRODUCT_NAME = "$(TARGET_NAME)";
				SWIFT_EMIT_LOC_STRINGS = YES;
				SWIFT_VERSION = 5.0;
				TARGETED_DEVICE_FAMILY = "1,2";
			};
			name = Debug;
		};
		6AE851382BA97A38008BAA86 /* Release */ = {
			isa = XCBuildConfiguration;
			buildSettings = {
				ASSETCATALOG_COMPILER_APPICON_NAME = AppIcon;
				ASSETCATALOG_COMPILER_GLOBAL_ACCENT_COLOR_NAME = AccentColor;
				CODE_SIGN_STYLE = Automatic;
				CURRENT_PROJECT_VERSION = 1;
				DEVELOPMENT_ASSET_PATHS = "\"AsyncAwaitPractice/Preview Content\"";
				DEVELOPMENT_TEAM = 4QSAD4G9QY;
				ENABLE_PREVIEWS = YES;
				GENERATE_INFOPLIST_FILE = YES;
				INFOPLIST_KEY_UIApplicationSceneManifest_Generation = YES;
				INFOPLIST_KEY_UIApplicationSupportsIndirectInputEvents = YES;
				INFOPLIST_KEY_UILaunchScreen_Generation = YES;
				INFOPLIST_KEY_UISupportedInterfaceOrientations_iPad = "UIInterfaceOrientationPortrait UIInterfaceOrientationPortraitUpsideDown UIInterfaceOrientationLandscapeLeft UIInterfaceOrientationLandscapeRight";
				INFOPLIST_KEY_UISupportedInterfaceOrientations_iPhone = "UIInterfaceOrientationPortrait UIInterfaceOrientationLandscapeLeft UIInterfaceOrientationLandscapeRight";
				LD_RUNPATH_SEARCH_PATHS = (
					"$(inherited)",
					"@executable_path/Frameworks",
				);
				MARKETING_VERSION = 1.0;
				PRODUCT_BUNDLE_IDENTIFIER = com.kamleshwar.AsyncAwaitPractice;
				PRODUCT_NAME = "$(TARGET_NAME)";
				SWIFT_EMIT_LOC_STRINGS = YES;
				SWIFT_VERSION = 5.0;
				TARGETED_DEVICE_FAMILY = "1,2";
			};
			name = Release;
		};
		6AE8513A2BA97A38008BAA86 /* Debug */ = {
			isa = XCBuildConfiguration;
			buildSettings = {
				ALWAYS_EMBED_SWIFT_STANDARD_LIBRARIES = YES;
				BUNDLE_LOADER = "$(TEST_HOST)";
				CODE_SIGN_STYLE = Automatic;
				CURRENT_PROJECT_VERSION = 1;
				DEVELOPMENT_TEAM = 4QSAD4G9QY;
				GENERATE_INFOPLIST_FILE = YES;
				IPHONEOS_DEPLOYMENT_TARGET = 17.2;
				MARKETING_VERSION = 1.0;
				PRODUCT_BUNDLE_IDENTIFIER = com.kamleshwar.AsyncAwaitPracticeTests;
				PRODUCT_NAME = "$(TARGET_NAME)";
				SWIFT_EMIT_LOC_STRINGS = NO;
				SWIFT_VERSION = 5.0;
				TARGETED_DEVICE_FAMILY = "1,2";
				TEST_HOST = "$(BUILT_PRODUCTS_DIR)/AsyncAwaitPractice.app/$(BUNDLE_EXECUTABLE_FOLDER_PATH)/AsyncAwaitPractice";
			};
			name = Debug;
		};
		6AE8513B2BA97A38008BAA86 /* Release */ = {
			isa = XCBuildConfiguration;
			buildSettings = {
				ALWAYS_EMBED_SWIFT_STANDARD_LIBRARIES = YES;
				BUNDLE_LOADER = "$(TEST_HOST)";
				CODE_SIGN_STYLE = Automatic;
				CURRENT_PROJECT_VERSION = 1;
				DEVELOPMENT_TEAM = 4QSAD4G9QY;
				GENERATE_INFOPLIST_FILE = YES;
				IPHONEOS_DEPLOYMENT_TARGET = 17.2;
				MARKETING_VERSION = 1.0;
				PRODUCT_BUNDLE_IDENTIFIER = com.kamleshwar.AsyncAwaitPracticeTests;
				PRODUCT_NAME = "$(TARGET_NAME)";
				SWIFT_EMIT_LOC_STRINGS = NO;
				SWIFT_VERSION = 5.0;
				TARGETED_DEVICE_FAMILY = "1,2";
				TEST_HOST = "$(BUILT_PRODUCTS_DIR)/AsyncAwaitPractice.app/$(BUNDLE_EXECUTABLE_FOLDER_PATH)/AsyncAwaitPractice";
			};
			name = Release;
		};
		6AE8513D2BA97A38008BAA86 /* Debug */ = {
			isa = XCBuildConfiguration;
			buildSettings = {
				ALWAYS_EMBED_SWIFT_STANDARD_LIBRARIES = YES;
				CODE_SIGN_STYLE = Automatic;
				CURRENT_PROJECT_VERSION = 1;
				DEVELOPMENT_TEAM = 4QSAD4G9QY;
				GENERATE_INFOPLIST_FILE = YES;
				MARKETING_VERSION = 1.0;
				PRODUCT_BUNDLE_IDENTIFIER = com.kamleshwar.AsyncAwaitPracticeUITests;
				PRODUCT_NAME = "$(TARGET_NAME)";
				SWIFT_EMIT_LOC_STRINGS = NO;
				SWIFT_VERSION = 5.0;
				TARGETED_DEVICE_FAMILY = "1,2";
				TEST_TARGET_NAME = AsyncAwaitPractice;
			};
			name = Debug;
		};
		6AE8513E2BA97A38008BAA86 /* Release */ = {
			isa = XCBuildConfiguration;
			buildSettings = {
				ALWAYS_EMBED_SWIFT_STANDARD_LIBRARIES = YES;
				CODE_SIGN_STYLE = Automatic;
				CURRENT_PROJECT_VERSION = 1;
				DEVELOPMENT_TEAM = 4QSAD4G9QY;
				GENERATE_INFOPLIST_FILE = YES;
				MARKETING_VERSION = 1.0;
				PRODUCT_BUNDLE_IDENTIFIER = com.kamleshwar.AsyncAwaitPracticeUITests;
				PRODUCT_NAME = "$(TARGET_NAME)";
				SWIFT_EMIT_LOC_STRINGS = NO;
				SWIFT_VERSION = 5.0;
				TARGETED_DEVICE_FAMILY = "1,2";
				TEST_TARGET_NAME = AsyncAwaitPractice;
			};
			name = Release;
		};
/* End XCBuildConfiguration section */

/* Begin XCConfigurationList section */
		6AE8510D2BA97A35008BAA86 /* Build configuration list for PBXProject "AsyncAwaitPractice" */ = {
			isa = XCConfigurationList;
			buildConfigurations = (
				6AE851342BA97A38008BAA86 /* Debug */,
				6AE851352BA97A38008BAA86 /* Release */,
			);
			defaultConfigurationIsVisible = 0;
			defaultConfigurationName = Release;
		};
		6AE851362BA97A38008BAA86 /* Build configuration list for PBXNativeTarget "AsyncAwaitPractice" */ = {
			isa = XCConfigurationList;
			buildConfigurations = (
				6AE851372BA97A38008BAA86 /* Debug */,
				6AE851382BA97A38008BAA86 /* Release */,
			);
			defaultConfigurationIsVisible = 0;
			defaultConfigurationName = Release;
		};
		6AE851392BA97A38008BAA86 /* Build configuration list for PBXNativeTarget "AsyncAwaitPracticeTests" */ = {
			isa = XCConfigurationList;
			buildConfigurations = (
				6AE8513A2BA97A38008BAA86 /* Debug */,
				6AE8513B2BA97A38008BAA86 /* Release */,
			);
			defaultConfigurationIsVisible = 0;
			defaultConfigurationName = Release;
		};
		6AE8513C2BA97A38008BAA86 /* Build configuration list for PBXNativeTarget "AsyncAwaitPracticeUITests" */ = {
			isa = XCConfigurationList;
			buildConfigurations = (
				6AE8513D2BA97A38008BAA86 /* Debug */,
				6AE8513E2BA97A38008BAA86 /* Release */,
			);
			defaultConfigurationIsVisible = 0;
			defaultConfigurationName = Release;
		};
/* End XCConfigurationList section */
	};
	rootObject = 6AE8510A2BA97A35008BAA86 /* Project object */;
}
